
Microsoft Visual Studio Solution File, Format Version 12.00
# Visual Studio Version 16
VisualStudioVersion = 16.0.31205.134
MinimumVisualStudioVersion = 10.0.40219.1
Project("{FAE04EC0-301F-11D3-BF4B-00C04F79EFBC}") = "ComputerAdaptiveTesting.Backend.Common.Base", "ComputerAdaptiveTesting.Backend.Common.Base.csproj", "{CFA34479-B934-4E70-B2E6-308502885B97}"
EndProject
Project("{FAE04EC0-301F-11D3-BF4B-00C04F79EFBC}") = "ComputerAdaptiveTesting.Backend.Infrastructure", "..\ComputerAdaptiveTesting.Backend.Infrastructure\ComputerAdaptiveTesting.Backend.Infrastructure.csproj", "{20745437-9F24-4817-8A2E-365EC8241D94}"
EndProject
Project("{FAE04EC0-301F-11D3-BF4B-00C04F79EFBC}") = "ComputerAdaptiveTesting.Backend.Domain", "..\ComputerAdaptiveTesting.Backend.Domain\ComputerAdaptiveTesting.Backend.Domain.csproj", "{B80EF218-0A96-4B49-B7CD-DA8FD4121262}"
EndProject
Project("{FAE04EC0-301F-11D3-BF4B-00C04F79EFBC}") = "ComputerAdaptiveTesting.Backend.WebApi", "..\ComputerAdaptiveTesting.Backend.WebApi\ComputerAdaptiveTesting.Backend.WebApi.csproj", "{932BD1D5-6226-4EB1-9A6A-DFA09B7A4600}"
EndProject
Global
	GlobalSection(SolutionConfigurationPlatforms) = preSolution
		Debug|Any CPU = Debug|Any CPU
		Release|Any CPU = Release|Any CPU
	EndGlobalSection
	GlobalSection(ProjectConfigurationPlatforms) = postSolution
		{CFA34479-B934-4E70-B2E6-308502885B97}.Debug|Any CPU.ActiveCfg = Debug|Any CPU
		{CFA34479-B934-4E70-B2E6-308502885B97}.Debug|Any CPU.Build.0 = Debug|Any CPU
		{CFA34479-B934-4E70-B2E6-308502885B97}.Release|Any CPU.ActiveCfg = Release|Any CPU
		{CFA34479-B934-4E70-B2E6-308502885B97}.Release|Any CPU.Build.0 = Release|Any CPU
		{20745437-9F24-4817-8A2E-365EC8241D94}.Debug|Any CPU.ActiveCfg = Debug|Any CPU
		{20745437-9F24-4817-8A2E-365EC8241D94}.Debug|Any CPU.Build.0 = Debug|Any CPU
		{20745437-9F24-4817-8A2E-365EC8241D94}.Release|Any CPU.ActiveCfg = Release|Any CPU
		{20745437-9F24-4817-8A2E-365EC8241D94}.Release|Any CPU.Build.0 = Release|Any CPU
		{B80EF218-0A96-4B49-B7CD-DA8FD4121262}.Debug|Any CPU.ActiveCfg = Debug|Any CPU
		{B80EF218-0A96-4B49-B7CD-DA8FD4121262}.Debug|Any CPU.Build.0 = Debug|Any CPU
		{B80EF218-0A96-4B49-B7CD-DA8FD4121262}.Release|Any CPU.ActiveCfg = Release|Any CPU
		{B80EF218-0A96-4B49-B7CD-DA8FD4121262}.Release|Any CPU.Build.0 = Release|Any CPU
		{932BD1D5-6226-4EB1-9A6A-DFA09B7A4600}.Debug|Any CPU.ActiveCfg = Debug|Any CPU
		{932BD1D5-6226-4EB1-9A6A-DFA09B7A4600}.Debug|Any CPU.Build.0 = Debug|Any CPU
		{932BD1D5-6226-4EB1-9A6A-DFA09B7A4600}.Release|Any CPU.ActiveCfg = Release|Any CPU
		{932BD1D5-6226-4EB1-9A6A-DFA09B7A4600}.Release|Any CPU.Build.0 = Release|Any CPU
	EndGlobalSection
	GlobalSection(SolutionProperties) = preSolution
		HideSolutionNode = FALSE
	EndGlobalSection
	GlobalSection(ExtensibilityGlobals) = postSolution
		SolutionGuid = {760810C1-0D2D-434F-9C61-5D1390D124F8}
	EndGlobalSection
EndGlobal
